{
  "conductor": "skills/artist-os/SKILL.md",
  "sha256": "259327e3d6f5a7116916c3484a28a14f2e86f8296ff80256a1ab3cc2fc5dd265",
  "blessed_at": "2026-07-28",
  "note": "Digest of the conductor body last validated by the conductor-behavior eval. Re-bless with `bin/artist-os-eval bless` after re-running the eval (evals/README.md)."
}
