{
  "conductor": "skills/artist-os/SKILL.md",
  "sha256": "73e82e77e456b3dd8f2a6fc551b7c62f112c69cd1b51b0a12f4fb4076ab43218",
  "blessed_at": "2026-06-23",
  "note": "Digest of the conductor body last validated by the conductor-behavior eval. Re-bless with `bin/artist-os-eval bless` after re-running the eval (evals/README.md)."
}
